
Microsoft Visual Studio Solution File, Format Version 9.00
# Visual Studio 2005
Project("{8BC9CEB8-8B4A-11D0-8D11-00A0C91BC942}") = "ojCmpt Template", "ojCmpt Template.vcproj", "{9FECE86D-4A8B-4440-9D2A-5DEB9A0AA152}"
EndProject
Global
	GlobalSection(SolutionConfigurationPlatforms) = preSolution
		Debug|Win32 = Debug|Win32
		Release|Win32 = Release|Win32
	EndGlobalSection
	GlobalSection(ProjectConfigurationPlatforms) = postSolution
		{9FECE86D-4A8B-4440-9D2A-5DEB9A0AA152}.Debug|Win32.ActiveCfg = Debug|Win32
		{9FECE86D-4A8B-4440-9D2A-5DEB9A0AA152}.Debug|Win32.Build.0 = Debug|Win32
		{9FECE86D-4A8B-4440-9D2A-5DEB9A0AA152}.Release|Win32.ActiveCfg = Release|Win32
		{9FECE86D-4A8B-4440-9D2A-5DEB9A0AA152}.Release|Win32.Build.0 = Release|Win32
	EndGlobalSection
	GlobalSection(SolutionProperties) = preSolution
		HideSolutionNode = FALSE
	EndGlobalSection
EndGlobal
